
Microsoft Visual Studio Solution File, Format Version 12.00
# Visual Studio 15
Project("{FAE04EC0-301F-11D3-BF4B-00C04F79EFBC}") = "ArtScanner.Android", "ArtScanner.Android\ArtScanner.Android.csproj", "{A0B75484-A0BC-4B52-9DB9-6B76E7E9AF23}"
EndProject
Project("{FAE04EC0-301F-11D3-BF4B-00C04F79EFBC}") = "ArtScanner.iOS", "ArtScanner.iOS\ArtScanner.iOS.csproj", "{5DEC6118-5DCA-4F44-BB38-6B4F2BE0F0EE}"
EndProject
Project("{FAE04EC0-301F-11D3-BF4B-00C04F79EFBC}") = "ArtScanner", "ArtScanner\ArtScanner.csproj", "{9A9C8415-8164-4DFA-950E-412501BF38E2}"
EndProject
Global
	GlobalSection(SolutionConfigurationPlatforms) = preSolution
		Debug|Any CPU = Debug|Any CPU
		Release|Any CPU = Release|Any CPU
		Debug|iPhoneSimulator = Debug|iPhoneSimulator
		Release|iPhoneSimulator = Release|iPhoneSimulator
		Debug|iPhone = Debug|iPhone
		Release|iPhone = Release|iPhone
	EndGlobalSection
	GlobalSection(ProjectConfigurationPlatforms) = postSolution
		{A0B75484-A0BC-4B52-9DB9-6B76E7E9AF23}.Debug|Any CPU.ActiveCfg = Debug|Any CPU
		{A0B75484-A0BC-4B52-9DB9-6B76E7E9AF23}.Debug|Any CPU.Build.0 = Debug|Any CPU
		{A0B75484-A0BC-4B52-9DB9-6B76E7E9AF23}.Release|Any CPU.ActiveCfg = Release|Any CPU
		{A0B75484-A0BC-4B52-9DB9-6B76E7E9AF23}.Release|Any CPU.Build.0 = Release|Any CPU
		{A0B75484-A0BC-4B52-9DB9-6B76E7E9AF23}.Debug|iPhoneSimulator.ActiveCfg = Debug|Any CPU
		{A0B75484-A0BC-4B52-9DB9-6B76E7E9AF23}.Debug|iPhoneSimulator.Build.0 = Debug|Any CPU
		{A0B75484-A0BC-4B52-9DB9-6B76E7E9AF23}.Release|iPhoneSimulator.ActiveCfg = Release|Any CPU
		{A0B75484-A0BC-4B52-9DB9-6B76E7E9AF23}.Release|iPhoneSimulator.Build.0 = Release|Any CPU
		{A0B75484-A0BC-4B52-9DB9-6B76E7E9AF23}.Debug|iPhone.ActiveCfg = Debug|Any CPU
		{A0B75484-A0BC-4B52-9DB9-6B76E7E9AF23}.Debug|iPhone.Build.0 = Debug|Any CPU
		{A0B75484-A0BC-4B52-9DB9-6B76E7E9AF23}.Release|iPhone.ActiveCfg = Release|Any CPU
		{A0B75484-A0BC-4B52-9DB9-6B76E7E9AF23}.Release|iPhone.Build.0 = Release|Any CPU
		{5DEC6118-5DCA-4F44-BB38-6B4F2BE0F0EE}.Debug|Any CPU.ActiveCfg = Debug|iPhoneSimulator
		{5DEC6118-5DCA-4F44-BB38-6B4F2BE0F0EE}.Debug|Any CPU.Build.0 = Debug|iPhoneSimulator
		{5DEC6118-5DCA-4F44-BB38-6B4F2BE0F0EE}.Release|Any CPU.ActiveCfg = Release|iPhoneSimulator
		{5DEC6118-5DCA-4F44-BB38-6B4F2BE0F0EE}.Release|Any CPU.Build.0 = Release|iPhoneSimulator
		{5DEC6118-5DCA-4F44-BB38-6B4F2BE0F0EE}.Debug|iPhoneSimulator.ActiveCfg = Debug|iPhoneSimulator
		{5DEC6118-5DCA-4F44-BB38-6B4F2BE0F0EE}.Debug|iPhoneSimulator.Build.0 = Debug|iPhoneSimulator
		{5DEC6118-5DCA-4F44-BB38-6B4F2BE0F0EE}.Release|iPhoneSimulator.ActiveCfg = Release|iPhoneSimulator
		{5DEC6118-5DCA-4F44-BB38-6B4F2BE0F0EE}.Release|iPhoneSimulator.Build.0 = Release|iPhoneSimulator
		{5DEC6118-5DCA-4F44-BB38-6B4F2BE0F0EE}.Debug|iPhone.ActiveCfg = Debug|iPhone
		{5DEC6118-5DCA-4F44-BB38-6B4F2BE0F0EE}.Debug|iPhone.Build.0 = Debug|iPhone
		{5DEC6118-5DCA-4F44-BB38-6B4F2BE0F0EE}.Release|iPhone.ActiveCfg = Release|iPhone
		{5DEC6118-5DCA-4F44-BB38-6B4F2BE0F0EE}.Release|iPhone.Build.0 = Release|iPhone
		{9A9C8415-8164-4DFA-950E-412501BF38E2}.Debug|Any CPU.ActiveCfg = Debug|Any CPU
		{9A9C8415-8164-4DFA-950E-412501BF38E2}.Debug|Any CPU.Build.0 = Debug|Any CPU
		{9A9C8415-8164-4DFA-950E-412501BF38E2}.Release|Any CPU.ActiveCfg = Release|Any CPU
		{9A9C8415-8164-4DFA-950E-412501BF38E2}.Release|Any CPU.Build.0 = Release|Any CPU
		{9A9C8415-8164-4DFA-950E-412501BF38E2}.Debug|iPhoneSimulator.ActiveCfg = Debug|Any CPU
		{9A9C8415-8164-4DFA-950E-412501BF38E2}.Debug|iPhoneSimulator.Build.0 = Debug|Any CPU
		{9A9C8415-8164-4DFA-950E-412501BF38E2}.Release|iPhoneSimulator.ActiveCfg = Release|Any CPU
		{9A9C8415-8164-4DFA-950E-412501BF38E2}.Release|iPhoneSimulator.Build.0 = Release|Any CPU
		{9A9C8415-8164-4DFA-950E-412501BF38E2}.Debug|iPhone.ActiveCfg = Debug|Any CPU
		{9A9C8415-8164-4DFA-950E-412501BF38E2}.Debug|iPhone.Build.0 = Debug|Any CPU
		{9A9C8415-8164-4DFA-950E-412501BF38E2}.Release|iPhone.ActiveCfg = Release|Any CPU
		{9A9C8415-8164-4DFA-950E-412501BF38E2}.Release|iPhone.Build.0 = Release|Any CPU
	EndGlobalSection
EndGlobal
